// !$*UTF8*$!
{
	archiveVersion = 1;
	classes = {
	};
	objectVersion = 56;
	objects = {

/* Begin PBXBuildFile section */
		D9E913002A12974A0030C7BD /* AppDelegate.swift in Sources */ = {isa = PBXBuildFile; fileRef = D9E912FF2A12974A0030C7BD /* AppDelegate.swift */; };
		D9E913022A12974A0030C7BD /* SceneDelegate.swift in Sources */ = {isa = PBXBuildFile; fileRef = D9E913012A12974A0030C7BD /* SceneDelegate.swift */; };
		D9E913042A12974A0030C7BD /* ViewController.swift in Sources */ = {isa = PBXBuildFile; fileRef = D9E913032A12974A0030C7BD /* ViewController.swift */; };
		D9E913072A12974A0030C7BD /* Main.storyboard in Resources */ = {isa = PBXBuildFile; fileRef = D9E913052A12974A0030C7BD /* Main.storyboard */; };
		D9E913092A12974C0030C7BD /* Assets.xcassets in Resources */ = {isa = PBXBuildFile; fileRef = D9E913082A12974C0030C7BD /* Assets.xcassets */; };
		D9E9130C2A12974C0030C7BD /* LaunchScreen.storyboard in Resources */ = {isa = PBXBuildFile; fileRef = D9E9130A2A12974C0030C7BD /* LaunchScreen.storyboard */; };
		D9E913172A12A9550030C7BD /* HorizontalStackView.swift in Sources */ = {isa = PBXBuildFile; fileRef = D9E913142A12A9550030C7BD /* HorizontalStackView.swift */; };
		D9E913182A12A9550030C7BD /* VerticalStackView.swift in Sources */ = {isa = PBXBuildFile; fileRef = D9E913152A12A9550030C7BD /* VerticalStackView.swift */; };
		D9E913192A12A9550030C7BD /* UIView+ConstraintLayout.swift in Sources */ = {isa = PBXBuildFile; fileRef = D9E913162A12A9550030C7BD /* UIView+ConstraintLayout.swift */; };
/* End PBXBuildFile section */

/* Begin PBXFileReference section */
		D9E912FC2A12974A0030C7BD /* SnacksNavBar.app */ = {isa = PBXFileReference; explicitFileType = wrapper.application; includeInIndex = 0; path = SnacksNavBar.app; sourceTree = BUILT_PRODUCTS_DIR; };
		D9E912FF2A12974A0030C7BD /* AppDelegate.swift */ = {isa = PBXFileReference; lastKnownFileType = sourcecode.swift; path = AppDelegate.swift; sourceTree = "<group>"; };
		D9E913012A12974A0030C7BD /* SceneDelegate.swift */ = {isa = PBXFileReference; lastKnownFileType = sourcecode.swift; path = SceneDelegate.swift; sourceTree = "<group>"; };
		D9E913032A12974A0030C7BD /* ViewController.swift */ = {isa = PBXFileReference; lastKnownFileType = sourcecode.swift; path = ViewController.swift; sourceTree = "<group>"; };
		D9E913062A12974A0030C7BD /* Base */ = {isa = PBXFileReference; lastKnownFileType = file.storyboard; name = Base; path = Base.lproj/Main.storyboard; sourceTree = "<group>"; };
		D9E913082A12974C0030C7BD /* Assets.xcassets */ = {isa = PBXFileReference; lastKnownFileType = folder.assetcatalog; path = Assets.xcassets; sourceTree = "<group>"; };
		D9E9130B2A12974C0030C7BD /* Base */ = {isa = PBXFileReference; lastKnownFileType = file.storyboard; name = Base; path = Base.lproj/LaunchScreen.storyboard; sourceTree = "<group>"; };
		D9E9130D2A12974C0030C7BD /* Info.plist */ = {isa = PBXFileReference; lastKnownFileType = text.plist.xml; path = Info.plist; sourceTree = "<group>"; };
		D9E913142A12A9550030C7BD /* HorizontalStackView.swift */ = {isa = PBXFileReference; fileEncoding = 4; lastKnownFileType = sourcecode.swift; path = HorizontalStackView.swift; sourceTree = "<group>"; };
		D9E913152A12A9550030C7BD /* VerticalStackView.swift */ = {isa = PBXFileReference; fileEncoding = 4; lastKnownFileType = sourcecode.swift; path = VerticalStackView.swift; sourceTree = "<group>"; };
		D9E913162A12A9550030C7BD /* UIView+ConstraintLayout.swift */ = {isa = PBXFileReference; fileEncoding = 4; lastKnownFileType = sourcecode.swift; path = "UIView+ConstraintLayout.swift"; sourceTree = "<group>"; };
/* End PBXFileReference section */

/* Begin PBXFrameworksBuildPhase section */
		D9E912F92A12974A0030C7BD /* Frameworks */ = {
			isa = PBXFrameworksBuildPhase;
			buildActionMask = 2147483647;
			files = (
			);
			runOnlyForDeploymentPostprocessing = 0;
		};
/* End PBXFrameworksBuildPhase section */

/* Begin PBXGroup section */
		D9E912F32A12974A0030C7BD = {
			isa = PBXGroup;
			children = (
				D9E912FE2A12974A0030C7BD /* SnacksNavBar */,
				D9E912FD2A12974A0030C7BD /* Products */,
			);
			sourceTree = "<group>";
		};
		D9E912FD2A12974A0030C7BD /* Products */ = {
			isa = PBXGroup;
			children = (
				D9E912FC2A12974A0030C7BD /* SnacksNavBar.app */,
			);
			name = Products;
			sourceTree = "<group>";
		};
		D9E912FE2A12974A0030C7BD /* SnacksNavBar */ = {
			isa = PBXGroup;
			children = (
				D9E913132A12A9550030C7BD /* Utils */,
				D9E912FF2A12974A0030C7BD /* AppDelegate.swift */,
				D9E913012A12974A0030C7BD /* SceneDelegate.swift */,
				D9E913032A12974A0030C7BD /* ViewController.swift */,
				D9E913052A12974A0030C7BD /* Main.storyboard */,
				D9E913082A12974C0030C7BD /* Assets.xcassets */,
				D9E9130A2A12974C0030C7BD /* LaunchScreen.storyboard */,
				D9E9130D2A12974C0030C7BD /* Info.plist */,
			);
			path = SnacksNavBar;
			sourceTree = "<group>";
		};
		D9E913132A12A9550030C7BD /* Utils */ = {
			isa = PBXGroup;
			children = (
				D9E913142A12A9550030C7BD /* HorizontalStackView.swift */,
				D9E913152A12A9550030C7BD /* VerticalStackView.swift */,
				D9E913162A12A9550030C7BD /* UIView+ConstraintLayout.swift */,
			);
			path = Utils;
			sourceTree = "<group>";
		};
/* End PBXGroup section */

/* Begin PBXNativeTarget section */
		D9E912FB2A12974A0030C7BD /* SnacksNavBar */ = {
			isa = PBXNativeTarget;
			buildConfigurationList = D9E913102A12974C0030C7BD /* Build configuration list for PBXNativeTarget "SnacksNavBar" */;
			buildPhases = (
				D9E912F82A12974A0030C7BD /* Sources */,
				D9E912F92A12974A0030C7BD /* Frameworks */,
				D9E912FA2A12974A0030C7BD /* Resources */,
			);
			buildRules = (
			);
			dependencies = (
			);
			name = SnacksNavBar;
			productName = SnacksNavBar;
			productReference = D9E912FC2A12974A0030C7BD /* SnacksNavBar.app */;
			productType = "com.apple.product-type.application";
		};
/* End PBXNativeTarget section */

/* Begin PBXProject section */
		D9E912F42A12974A0030C7BD /* Project object */ = {
			isa = PBXProject;
			attributes = {
				BuildIndependentTargetsInParallel = 1;
				LastSwiftUpdateCheck = 1430;
				LastUpgradeCheck = 1430;
				TargetAttributes = {
					D9E912FB2A12974A0030C7BD = {
						CreatedOnToolsVersion = 14.3;
					};
				};
			};
			buildConfigurationList = D9E912F72A12974A0030C7BD /* Build configuration list for PBXProject "SnacksNavBar" */;
			compatibilityVersion = "Xcode 14.0";
			developmentRegion = en;
			hasScannedForEncodings = 0;
			knownRegions = (
				en,
				Base,
			);
			mainGroup = D9E912F32A12974A0030C7BD;
			productRefGroup = D9E912FD2A12974A0030C7BD /* Products */;
			projectDirPath = "";
			projectRoot = "";
			targets = (
				D9E912FB2A12974A0030C7BD /* SnacksNavBar */,
			);
		};
/* End PBXProject section */

/* Begin PBXResourcesBuildPhase section */
		D9E912FA2A12974A0030C7BD /* Resources */ = {
			isa = PBXResourcesBuildPhase;
			buildActionMask = 2147483647;
			files = (
				D9E9130C2A12974C0030C7BD /* LaunchScreen.storyboard in Resources */,
				D9E913092A12974C0030C7BD /* Assets.xcassets in Resources */,
				D9E913072A12974A0030C7BD /* Main.storyboard in Resources */,
			);
			runOnlyForDeploymentPostprocessing = 0;
		};
/* End PBXResourcesBuildPhase section */

/* Begin PBXSourcesBuildPhase section */
		D9E912F82A12974A0030C7BD /* Sources */ = {
			isa = PBXSourcesBuildPhase;
			buildActionMask = 2147483647;
			files = (
				D9E913042A12974A0030C7BD /* ViewController.swift in Sources */,
				D9E913002A12974A0030C7BD /* AppDelegate.swift in Sources */,
				D9E913022A12974A0030C7BD /* SceneDelegate.swift in Sources */,
				D9E913192A12A9550030C7BD /* UIView+ConstraintLayout.swift in Sources */,
				D9E913172A12A9550030C7BD /* HorizontalStackView.swift in Sources */,
				D9E913182A12A9550030C7BD /* VerticalStackView.swift in Sources */,
			);
			runOnlyForDeploymentPostprocessing = 0;
		};
/* End PBXSourcesBuildPhase section */

/* Begin PBXVariantGroup section */
		D9E913052A12974A0030C7BD /* Main.storyboard */ = {
			isa = PBXVariantGroup;
			children = (
				D9E913062A12974A0030C7BD /* Base */,
			);
			name = Main.storyboard;
			sourceTree = "<group>";
		};
		D9E9130A2A12974C0030C7BD /* LaunchScreen.storyboard */ = {
			isa = PBXVariantGroup;
			children = (
				D9E9130B2A12974C0030C7BD /* Base */,
			);
			name = LaunchScreen.storyboard;
			sourceTree = "<group>";
		};
/* End PBXVariantGroup section */

/* Begin XCBuildConfiguration section */
		D9E9130E2A12974C0030C7BD /* Debug */ = {
			isa = XCBuildConfiguration;
			buildSettings = {
				ALWAYS_SEARCH_USER_PATHS = NO;
				CLANG_ANALYZER_NONNULL = YES;
				CLANG_ANALYZER_NUMBER_OBJECT_CONVERSION = YES_AGGRESSIVE;
				CLANG_CXX_LANGUAGE_STANDARD = "gnu++20";
				CLANG_ENABLE_MODULES = YES;
				CLANG_ENABLE_OBJC_ARC = YES;
				CLANG_ENABLE_OBJC_WEAK = YES;
				CLANG_WARN_BLOCK_CAPTURE_AUTORELEASING = YES;
				CLANG_WARN_BOOL_CONVERSION = YES;
				CLANG_WARN_COMMA = YES;
				CLANG_WARN_CONSTANT_CONVERSION = YES;
				CLANG_WARN_DEPRECATED_OBJC_IMPLEMENTATIONS = YES;
				CLANG_WARN_DIRECT_OBJC_ISA_USAGE = YES_ERROR;
				CLANG_WARN_DOCUMENTATION_COMMENTS = YES;
				CLANG_WARN_EMPTY_BODY = YES;
				CLANG_WARN_ENUM_CONVERSION = YES;
				CLANG_WARN_INFINITE_RECURSION = YES;
				CLANG_WARN_INT_CONVERSION = YES;
				CLANG_WARN_NON_LITERAL_NULL_CONVERSION = YES;
				CLANG_WARN_OBJC_IMPLICIT_RETAIN_SELF = YES;
				CLANG_WARN_OBJC_LITERAL_CONVERSION = YES;
				CLANG_WARN_OBJC_ROOT_CLASS = YES_ERROR;
				CLANG_WARN_QUOTED_INCLUDE_IN_FRAMEWORK_HEADER = YES;
				CLANG_WARN_RANGE_LOOP_ANALYSIS = YES;
				CLANG_WARN_STRICT_PROTOTYPES = YES;
				CLANG_WARN_SUSPICIOUS_MOVE = YES;
				CLANG_WARN_UNGUARDED_AVAILABILITY = YES_AGGRESSIVE;
				CLANG_WARN_UNREACHABLE_CODE = YES;
				CLANG_WARN__DUPLICATE_METHOD_MATCH = YES;
				COPY_PHASE_STRIP = NO;
				DEBUG_INFORMATION_FORMAT = dwarf;
				ENABLE_STRICT_OBJC_MSGSEND = YES;
				ENABLE_TESTABILITY = YES;
				GCC_C_LANGUAGE_STANDARD = gnu11;
				GCC_DYNAMIC_NO_PIC = NO;
				GCC_NO_COMMON_BLOCKS = YES;
				GCC_OPTIMIZATION_LEVEL = 0;
				GCC_PREPROCESSOR_DEFINITIONS = (
					"DEBUG=1",
					"$(inherited)",
				);
				GCC_WARN_64_TO_32_BIT_CONVERSION = YES;
				GCC_WARN_ABOUT_RETURN_TYPE = YES_ERROR;
				GCC_WARN_UNDECLARED_SELECTOR = YES;
				GCC_WARN_UNINITIALIZED_AUTOS = YES_AGGRESSIVE;
				GCC_WARN_UNUSED_FUNCTION = YES;
				GCC_WARN_UNUSED_VARIABLE = YES;
				IPHONEOS_DEPLOYMENT_TARGET = 16.4;
				MTL_ENABLE_DEBUG_INFO = INCLUDE_SOURCE;
				MTL_FAST_MATH = YES;
				ONLY_ACTIVE_ARCH = YES;
				SDKROOT = iphoneos;
				SWIFT_ACTIVE_COMPILATION_CONDITIONS = DEBUG;
				SWIFT_OPTIMIZATION_LEVEL = "-Onone";
			};
			name = Debug;
		};
		D9E9130F2A12974C0030C7BD /* Release */ = {
			isa = XCBuildConfiguration;
			buildSettings = {
				ALWAYS_SEARCH_USER_PATHS = NO;
				CLANG_ANALYZER_NONNULL = YES;
				CLANG_ANALYZER_NUMBER_OBJECT_CONVERSION = YES_AGGRESSIVE;
				CLANG_CXX_LANGUAGE_STANDARD = "gnu++20";
				CLANG_ENABLE_MODULES = YES;
				CLANG_ENABLE_OBJC_ARC = YES;
				CLANG_ENABLE_OBJC_WEAK = YES;
				CLANG_WARN_BLOCK_CAPTURE_AUTORELEASING = YES;
				CLANG_WARN_BOOL_CONVERSION = YES;
				CLANG_WARN_COMMA = YES;
				CLANG_WARN_CONSTANT_CONVERSION = YES;
				CLANG_WARN_DEPRECATED_OBJC_IMPLEMENTATIONS = YES;
				CLANG_WARN_DIRECT_OBJC_ISA_USAGE = YES_ERROR;
				CLANG_WARN_DOCUMENTATION_COMMENTS = YES;
				CLANG_WARN_EMPTY_BODY = YES;
				CLANG_WARN_ENUM_CONVERSION = YES;
				CLANG_WARN_INFINITE_RECURSION = YES;
				CLANG_WARN_INT_CONVERSION = YES;
				CLANG_WARN_NON_LITERAL_NULL_CONVERSION = YES;
				CLANG_WARN_OBJC_IMPLICIT_RETAIN_SELF = YES;
				CLANG_WARN_OBJC_LITERAL_CONVERSION = YES;
				CLANG_WARN_OBJC_ROOT_CLASS = YES_ERROR;
				CLANG_WARN_QUOTED_INCLUDE_IN_FRAMEWORK_HEADER = YES;
				CLANG_WARN_RANGE_LOOP_ANALYSIS = YES;
				CLANG_WARN_STRICT_PROTOTYPES = YES;
				CLANG_WARN_SUSPICIOUS_MOVE = YES;
				CLANG_WARN_UNGUARDED_AVAILABILITY = YES_AGGRESSIVE;
				CLANG_WARN_UNREACHABLE_CODE = YES;
				CLANG_WARN__DUPLICATE_METHOD_MATCH = YES;
				COPY_PHASE_STRIP = NO;
				DEBUG_INFORMATION_FORMAT = "dwarf-with-dsym";
				ENABLE_NS_ASSERTIONS = NO;
				ENABLE_STRICT_OBJC_MSGSEND = YES;
				GCC_C_LANGUAGE_STANDARD = gnu11;
				GCC_NO_COMMON_BLOCKS = YES;
				GCC_WARN_64_TO_32_BIT_CONVERSION = YES;
				GCC_WARN_ABOUT_RETURN_TYPE = YES_ERROR;
				GCC_WARN_UNDECLARED_SELECTOR = YES;
				GCC_WARN_UNINITIALIZED_AUTOS = YES_AGGRESSIVE;
				GCC_WARN_UNUSED_FUNCTION = YES;
				GCC_WARN_UNUSED_VARIABLE = YES;
				IPHONEOS_DEPLOYMENT_TARGET = 16.4;
				MTL_ENABLE_DEBUG_INFO = NO;
				MTL_FAST_MATH = YES;
				SDKROOT = iphoneos;
				SWIFT_COMPILATION_MODE = wholemodule;
				SWIFT_OPTIMIZATION_LEVEL = "-O";
				VALIDATE_PRODUCT = YES;
			};
			name = Release;
		};
		D9E913112A12974C0030C7BD /* Debug */ = {
			isa = XCBuildConfiguration;
			buildSettings = {
				ASSETCATALOG_COMPILER_APPICON_NAME = AppIcon;
				ASSETCATALOG_COMPILER_GLOBAL_ACCENT_COLOR_NAME = AccentColor;
				CODE_SIGN_STYLE = Automatic;
				CURRENT_PROJECT_VERSION = 1;
				DEVELOPMENT_TEAM = KMRDP9Z3DS;
				GENERATE_INFOPLIST_FILE = YES;
				INFOPLIST_FILE = SnacksNavBar/Info.plist;
				INFOPLIST_KEY_UIApplicationSupportsIndirectInputEvents = YES;
				INFOPLIST_KEY_UILaunchStoryboardName = LaunchScreen;
				INFOPLIST_KEY_UIMainStoryboardFile = Main;
				INFOPLIST_KEY_UISupportedInterfaceOrientations_iPad = "UIInterfaceOrientationPortrait UIInterfaceOrientationPortraitUpsideDown UIInterfaceOrientationLandscapeLeft UIInterfaceOrientationLandscapeRight";
				INFOPLIST_KEY_UISupportedInterfaceOrientations_iPhone = "UIInterfaceOrientationPortrait UIInterfaceOrientationLandscapeLeft UIInterfaceOrientationLandscapeRight";
				LD_RUNPATH_SEARCH_PATHS = (
					"$(inherited)",
					"@executable_path/Frameworks",
				);
				MARKETING_VERSION = 1.0;
				PRODUCT_BUNDLE_IDENTIFIER = com.dm.SnacksNavBar;
				PRODUCT_NAME = "$(TARGET_NAME)";
				SWIFT_EMIT_LOC_STRINGS = YES;
				SWIFT_VERSION = 5.0;
				TARGETED_DEVICE_FAMILY = "1,2";
			};
			name = Debug;
		};
		D9E913122A12974C0030C7BD /* Release */ = {
			isa = XCBuildConfiguration;
			buildSettings = {
				ASSETCATALOG_COMPILER_APPICON_NAME = AppIcon;
				ASSETCATALOG_COMPILER_GLOBAL_ACCENT_COLOR_NAME = AccentColor;
				CODE_SIGN_STYLE = Automatic;
				CURRENT_PROJECT_VERSION = 1;
				DEVELOPMENT_TEAM = KMRDP9Z3DS;
				GENERATE_INFOPLIST_FILE = YES;
				INFOPLIST_FILE = SnacksNavBar/Info.plist;
				INFOPLIST_KEY_UIApplicationSupportsIndirectInputEvents = YES;
				INFOPLIST_KEY_UILaunchStoryboardName = LaunchScreen;
				INFOPLIST_KEY_UIMainStoryboardFile = Main;
				INFOPLIST_KEY_UISupportedInterfaceOrientations_iPad = "UIInterfaceOrientationPortrait UIInterfaceOrientationPortraitUpsideDown UIInterfaceOrientationLandscapeLeft UIInterfaceOrientationLandscapeRight";
				INFOPLIST_KEY_UISupportedInterfaceOrientations_iPhone = "UIInterfaceOrientationPortrait UIInterfaceOrientationLandscapeLeft UIInterfaceOrientationLandscapeRight";
				LD_RUNPATH_SEARCH_PATHS = (
					"$(inherited)",
					"@executable_path/Frameworks",
				);
				MARKETING_VERSION = 1.0;
				PRODUCT_BUNDLE_IDENTIFIER = com.dm.SnacksNavBar;
				PRODUCT_NAME = "$(TARGET_NAME)";
				SWIFT_EMIT_LOC_STRINGS = YES;
				SWIFT_VERSION = 5.0;
				TARGETED_DEVICE_FAMILY = "1,2";
			};
			name = Release;
		};
/* End XCBuildConfiguration section */

/* Begin XCConfigurationList section */
		D9E912F72A12974A0030C7BD /* Build configuration list for PBXProject "SnacksNavBar" */ = {
			isa = XCConfigurationList;
			buildConfigurations = (
				D9E9130E2A12974C0030C7BD /* Debug */,
				D9E9130F2A12974C0030C7BD /* Release */,
			);
			defaultConfigurationIsVisible = 0;
			defaultConfigurationName = Release;
		};
		D9E913102A12974C0030C7BD /* Build configuration list for PBXNativeTarget "SnacksNavBar" */ = {
			isa = XCConfigurationList;
			buildConfigurations = (
				D9E913112A12974C0030C7BD /* Debug */,
				D9E913122A12974C0030C7BD /* Release */,
			);
			defaultConfigurationIsVisible = 0;
			defaultConfigurationName = Release;
		};
/* End XCConfigurationList section */
	};
	rootObject = D9E912F42A12974A0030C7BD /* Project object */;
}
